
Microsoft Visual Studio Solution File, Format Version 12.00
# Visual Studio 15
VisualStudioVersion = 15.0.27428.2043
MinimumVisualStudioVersion = 10.0.40219.1
Project("{FAE04EC0-301F-11D3-BF4B-00C04F79EFBC}") = "ProjectEuler022", "ProjectEuler022\ProjectEuler022.csproj", "{AFA48D65-CEF0-4319-843A-5DEF0653AFE1}"
EndProject
Global
	GlobalSection(SolutionConfigurationPlatforms) = preSolution
		Debug|Any CPU = Debug|Any CPU
		Release|Any CPU = Release|Any CPU
	EndGlobalSection
	GlobalSection(ProjectConfigurationPlatforms) = postSolution
		{AFA48D65-CEF0-4319-843A-5DEF0653AFE1}.Debug|Any CPU.ActiveCfg = Debug|Any CPU
		{AFA48D65-CEF0-4319-843A-5DEF0653AFE1}.Debug|Any CPU.Build.0 = Debug|Any CPU
		{AFA48D65-CEF0-4319-843A-5DEF0653AFE1}.Release|Any CPU.ActiveCfg = Release|Any CPU
		{AFA48D65-CEF0-4319-843A-5DEF0653AFE1}.Release|Any CPU.Build.0 = Release|Any CPU
	EndGlobalSection
	GlobalSection(SolutionProperties) = preSolution
		HideSolutionNode = FALSE
	EndGlobalSection
	GlobalSection(ExtensibilityGlobals) = postSolution
		SolutionGuid = {CEB0318C-173F-4B31-BB2E-3B31C0A4069C}
	EndGlobalSection
EndGlobal
